
Microsoft Visual Studio Solution File, Format Version 12.00
# Visual Studio Version 17
VisualStudioVersion = 17.5.33424.131
MinimumVisualStudioVersion = 10.0.40219.1
Project("{9A19103F-16F7-4668-BE54-9A1E7A4F7556}") = "PruebaTecnica.Infrastructure", "PruebaTecnica.Data\PruebaTecnica.Infrastructure.csproj", "{895FEB1B-FE07-43EC-949E-E849277081BE}"
EndProject
Project("{9A19103F-16F7-4668-BE54-9A1E7A4F7556}") = "PruebaTecnica.Domain", "PruebaTecnica.Domain\PruebaTecnica.Domain.csproj", "{A304A5D7-EB97-4F60-9DA9-FE4645390417}"
EndProject
Project("{9A19103F-16F7-4668-BE54-9A1E7A4F7556}") = "PruebaTecnica.PresentationWeb", "PruebaTecnica.PresentationWeb\PruebaTecnica.PresentationWeb.csproj", "{FFD7617D-19ED-4E24-B691-C4BAFCD3420B}"
EndProject
Project("{2150E333-8FDC-42A3-9474-1A3956D46DE8}") = "src", "src", "{345C3249-ECD3-4F4B-9888-7F5B0A1DA373}"
EndProject
Project("{2150E333-8FDC-42A3-9474-1A3956D46DE8}") = "doc", "doc", "{4F013059-08C0-4505-8E84-7D8EA7FA3636}"
EndProject
Project("{2150E333-8FDC-42A3-9474-1A3956D46DE8}") = "test", "test", "{3B787398-90EB-4DEB-8407-D7C93966BF5E}"
EndProject
Project("{2150E333-8FDC-42A3-9474-1A3956D46DE8}") = "Presentation", "Presentation", "{08FDFB0D-4797-4F09-9FAE-C859FAF0163B}"
EndProject
Project("{2150E333-8FDC-42A3-9474-1A3956D46DE8}") = "Core", "Core", "{80B33C9F-6CB4-41E7-9E50-B4DBA497157A}"
EndProject
Project("{2150E333-8FDC-42A3-9474-1A3956D46DE8}") = "Infrastructure", "Infrastructure", "{7EED3707-6842-4423-A64C-6D869EA3BF73}"
EndProject
Project("{9A19103F-16F7-4668-BE54-9A1E7A4F7556}") = "PruebaTecnica.Application", "PruebaTecnica.Application\PruebaTecnica.Application.csproj", "{78126A5C-EDD1-4CF8-84BC-A5979273017B}"
EndProject
Project("{FAE04EC0-301F-11D3-BF4B-00C04F79EFBC}") = "PruebaTecnica.Application.UnitTests", "PruebaTecnica.Application.UnitTests\PruebaTecnica.Application.UnitTests.csproj", "{529B2B1C-368F-4C78-99DB-EA7B8C3BD775}"
EndProject
Global
	GlobalSection(SolutionConfigurationPlatforms) = preSolution
		Debug|Any CPU = Debug|Any CPU
		Release|Any CPU = Release|Any CPU
	EndGlobalSection
	GlobalSection(ProjectConfigurationPlatforms) = postSolution
		{895FEB1B-FE07-43EC-949E-E849277081BE}.Debug|Any CPU.ActiveCfg = Debug|Any CPU
		{895FEB1B-FE07-43EC-949E-E849277081BE}.Debug|Any CPU.Build.0 = Debug|Any CPU
		{895FEB1B-FE07-43EC-949E-E849277081BE}.Release|Any CPU.ActiveCfg = Release|Any CPU
		{895FEB1B-FE07-43EC-949E-E849277081BE}.Release|Any CPU.Build.0 = Release|Any CPU
		{A304A5D7-EB97-4F60-9DA9-FE4645390417}.Debug|Any CPU.ActiveCfg = Debug|Any CPU
		{A304A5D7-EB97-4F60-9DA9-FE4645390417}.Debug|Any CPU.Build.0 = Debug|Any CPU
		{A304A5D7-EB97-4F60-9DA9-FE4645390417}.Release|Any CPU.ActiveCfg = Release|Any CPU
		{A304A5D7-EB97-4F60-9DA9-FE4645390417}.Release|Any CPU.Build.0 = Release|Any CPU
		{FFD7617D-19ED-4E24-B691-C4BAFCD3420B}.Debug|Any CPU.ActiveCfg = Debug|Any CPU
		{FFD7617D-19ED-4E24-B691-C4BAFCD3420B}.Debug|Any CPU.Build.0 = Debug|Any CPU
		{FFD7617D-19ED-4E24-B691-C4BAFCD3420B}.Release|Any CPU.ActiveCfg = Release|Any CPU
		{FFD7617D-19ED-4E24-B691-C4BAFCD3420B}.Release|Any CPU.Build.0 = Release|Any CPU
		{78126A5C-EDD1-4CF8-84BC-A5979273017B}.Debug|Any CPU.ActiveCfg = Debug|Any CPU
		{78126A5C-EDD1-4CF8-84BC-A5979273017B}.Debug|Any CPU.Build.0 = Debug|Any CPU
		{78126A5C-EDD1-4CF8-84BC-A5979273017B}.Release|Any CPU.ActiveCfg = Release|Any CPU
		{78126A5C-EDD1-4CF8-84BC-A5979273017B}.Release|Any CPU.Build.0 = Release|Any CPU
		{529B2B1C-368F-4C78-99DB-EA7B8C3BD775}.Debug|Any CPU.ActiveCfg = Debug|Any CPU
		{529B2B1C-368F-4C78-99DB-EA7B8C3BD775}.Debug|Any CPU.Build.0 = Debug|Any CPU
		{529B2B1C-368F-4C78-99DB-EA7B8C3BD775}.Release|Any CPU.ActiveCfg = Release|Any CPU
		{529B2B1C-368F-4C78-99DB-EA7B8C3BD775}.Release|Any CPU.Build.0 = Release|Any CPU
	EndGlobalSection
	GlobalSection(SolutionProperties) = preSolution
		HideSolutionNode = FALSE
	EndGlobalSection
	GlobalSection(NestedProjects) = preSolution
		{895FEB1B-FE07-43EC-949E-E849277081BE} = {7EED3707-6842-4423-A64C-6D869EA3BF73}
		{A304A5D7-EB97-4F60-9DA9-FE4645390417} = {80B33C9F-6CB4-41E7-9E50-B4DBA497157A}
		{FFD7617D-19ED-4E24-B691-C4BAFCD3420B} = {08FDFB0D-4797-4F09-9FAE-C859FAF0163B}
		{08FDFB0D-4797-4F09-9FAE-C859FAF0163B} = {345C3249-ECD3-4F4B-9888-7F5B0A1DA373}
		{80B33C9F-6CB4-41E7-9E50-B4DBA497157A} = {345C3249-ECD3-4F4B-9888-7F5B0A1DA373}
		{7EED3707-6842-4423-A64C-6D869EA3BF73} = {345C3249-ECD3-4F4B-9888-7F5B0A1DA373}
		{78126A5C-EDD1-4CF8-84BC-A5979273017B} = {80B33C9F-6CB4-41E7-9E50-B4DBA497157A}
		{529B2B1C-368F-4C78-99DB-EA7B8C3BD775} = {3B787398-90EB-4DEB-8407-D7C93966BF5E}
	EndGlobalSection
	GlobalSection(ExtensibilityGlobals) = postSolution
		SolutionGuid = {16F4AD21-F29C-4000-B748-2CFD85E306C5}
	EndGlobalSection
EndGlobal
